// !$*UTF8*$!
{
	archiveVersion = 1;
	classes = {
	};
	objectVersion = 55;
	objects = {

/* Begin PBXBuildFile section */
		6104CD5E2965B2E300B4E016 /* UIColor+Extensions.swift in Sources */ = {isa = PBXBuildFile; fileRef = 6104CD5D2965B2E300B4E016 /* UIColor+Extensions.swift */; };
		6104CD602965B43000B4E016 /* UIView+Extensions.swift in Sources */ = {isa = PBXBuildFile; fileRef = 6104CD5F2965B43000B4E016 /* UIView+Extensions.swift */; };
		6104CD622965B49900B4E016 /* MainView.swift in Sources */ = {isa = PBXBuildFile; fileRef = 6104CD612965B49900B4E016 /* MainView.swift */; };
		6104CD642965B6FF00B4E016 /* UIImage+Extensions.swift in Sources */ = {isa = PBXBuildFile; fileRef = 6104CD632965B6FF00B4E016 /* UIImage+Extensions.swift */; };
		6104CD6629660B5100B4E016 /* MainController.swift in Sources */ = {isa = PBXBuildFile; fileRef = 6104CD6529660B5100B4E016 /* MainController.swift */; };
		6104CD6A2966D96600B4E016 /* UIScreen+Extensions.swift in Sources */ = {isa = PBXBuildFile; fileRef = 6104CD692966D96600B4E016 /* UIScreen+Extensions.swift */; };
		6104CD6C2966E98700B4E016 /* MainPresenter.swift in Sources */ = {isa = PBXBuildFile; fileRef = 6104CD6B2966E98700B4E016 /* MainPresenter.swift */; };
		6104CD6E2966EA6300B4E016 /* InfoView.swift in Sources */ = {isa = PBXBuildFile; fileRef = 6104CD6D2966EA6300B4E016 /* InfoView.swift */; };
		6104CD702966F02600B4E016 /* InfoController.swift in Sources */ = {isa = PBXBuildFile; fileRef = 6104CD6F2966F02600B4E016 /* InfoController.swift */; };
		6104CD7229682F3400B4E016 /* GameModel.swift in Sources */ = {isa = PBXBuildFile; fileRef = 6104CD7129682F3400B4E016 /* GameModel.swift */; };
		61F7ADFA2855FAE900EDD9E7 /* AppDelegate.swift in Sources */ = {isa = PBXBuildFile; fileRef = 61F7ADF92855FAE900EDD9E7 /* AppDelegate.swift */; };
		61F7ADFC2855FAE900EDD9E7 /* SceneDelegate.swift in Sources */ = {isa = PBXBuildFile; fileRef = 61F7ADFB2855FAE900EDD9E7 /* SceneDelegate.swift */; };
		61F7AE032855FAEB00EDD9E7 /* Assets.xcassets in Resources */ = {isa = PBXBuildFile; fileRef = 61F7AE022855FAEB00EDD9E7 /* Assets.xcassets */; };
		61F7AE062855FAEB00EDD9E7 /* LaunchScreen.storyboard in Resources */ = {isa = PBXBuildFile; fileRef = 61F7AE042855FAEB00EDD9E7 /* LaunchScreen.storyboard */; };
/* End PBXBuildFile section */

/* Begin PBXFileReference section */
		6104CD5D2965B2E300B4E016 /* UIColor+Extensions.swift */ = {isa = PBXFileReference; lastKnownFileType = sourcecode.swift; path = "UIColor+Extensions.swift"; sourceTree = "<group>"; };
		6104CD5F2965B43000B4E016 /* UIView+Extensions.swift */ = {isa = PBXFileReference; lastKnownFileType = sourcecode.swift; path = "UIView+Extensions.swift"; sourceTree = "<group>"; };
		6104CD612965B49900B4E016 /* MainView.swift */ = {isa = PBXFileReference; lastKnownFileType = sourcecode.swift; path = MainView.swift; sourceTree = "<group>"; };
		6104CD632965B6FF00B4E016 /* UIImage+Extensions.swift */ = {isa = PBXFileReference; lastKnownFileType = sourcecode.swift; path = "UIImage+Extensions.swift"; sourceTree = "<group>"; };
		6104CD6529660B5100B4E016 /* MainController.swift */ = {isa = PBXFileReference; lastKnownFileType = sourcecode.swift; path = MainController.swift; sourceTree = "<group>"; };
		6104CD692966D96600B4E016 /* UIScreen+Extensions.swift */ = {isa = PBXFileReference; lastKnownFileType = sourcecode.swift; path = "UIScreen+Extensions.swift"; sourceTree = "<group>"; };
		6104CD6B2966E98700B4E016 /* MainPresenter.swift */ = {isa = PBXFileReference; lastKnownFileType = sourcecode.swift; path = MainPresenter.swift; sourceTree = "<group>"; };
		6104CD6D2966EA6300B4E016 /* InfoView.swift */ = {isa = PBXFileReference; lastKnownFileType = sourcecode.swift; path = InfoView.swift; sourceTree = "<group>"; };
		6104CD6F2966F02600B4E016 /* InfoController.swift */ = {isa = PBXFileReference; lastKnownFileType = sourcecode.swift; path = InfoController.swift; sourceTree = "<group>"; };
		6104CD7129682F3400B4E016 /* GameModel.swift */ = {isa = PBXFileReference; lastKnownFileType = sourcecode.swift; path = GameModel.swift; sourceTree = "<group>"; };
		61F7ADF62855FAE900EDD9E7 /* RPSLS.app */ = {isa = PBXFileReference; explicitFileType = wrapper.application; includeInIndex = 0; path = RPSLS.app; sourceTree = BUILT_PRODUCTS_DIR; };
		61F7ADF92855FAE900EDD9E7 /* AppDelegate.swift */ = {isa = PBXFileReference; lastKnownFileType = sourcecode.swift; path = AppDelegate.swift; sourceTree = "<group>"; };
		61F7ADFB2855FAE900EDD9E7 /* SceneDelegate.swift */ = {isa = PBXFileReference; lastKnownFileType = sourcecode.swift; path = SceneDelegate.swift; sourceTree = "<group>"; };
		61F7AE022855FAEB00EDD9E7 /* Assets.xcassets */ = {isa = PBXFileReference; lastKnownFileType = folder.assetcatalog; path = Assets.xcassets; sourceTree = "<group>"; };
		61F7AE052855FAEB00EDD9E7 /* Base */ = {isa = PBXFileReference; lastKnownFileType = file.storyboard; name = Base; path = Base.lproj/LaunchScreen.storyboard; sourceTree = "<group>"; };
		61F7AE072855FAEB00EDD9E7 /* Info.plist */ = {isa = PBXFileReference; lastKnownFileType = text.plist.xml; path = Info.plist; sourceTree = "<group>"; };
/* End PBXFileReference section */

/* Begin PBXFrameworksBuildPhase section */
		61F7ADF32855FAE900EDD9E7 /* Frameworks */ = {
			isa = PBXFrameworksBuildPhase;
			buildActionMask = 2147483647;
			files = (
			);
			runOnlyForDeploymentPostprocessing = 0;
		};
/* End PBXFrameworksBuildPhase section */

/* Begin PBXGroup section */
		6104CD5A2965B22B00B4E016 /* Presenter */ = {
			isa = PBXGroup;
			children = (
				6104CD6B2966E98700B4E016 /* MainPresenter.swift */,
			);
			path = Presenter;
			sourceTree = "<group>";
		};
		6104CD5B2965B25500B4E016 /* Supporting Files */ = {
			isa = PBXGroup;
			children = (
				61F7AE022855FAEB00EDD9E7 /* Assets.xcassets */,
				61F7AE072855FAEB00EDD9E7 /* Info.plist */,
				6104CD5C2965B26300B4E016 /* Helpers */,
			);
			path = "Supporting Files";
			sourceTree = "<group>";
		};
		6104CD5C2965B26300B4E016 /* Helpers */ = {
			isa = PBXGroup;
			children = (
				6104CD5D2965B2E300B4E016 /* UIColor+Extensions.swift */,
				6104CD5F2965B43000B4E016 /* UIView+Extensions.swift */,
				6104CD632965B6FF00B4E016 /* UIImage+Extensions.swift */,
				6104CD692966D96600B4E016 /* UIScreen+Extensions.swift */,
			);
			path = Helpers;
			sourceTree = "<group>";
		};
		61F7ADED2855FAE900EDD9E7 = {
			isa = PBXGroup;
			children = (
				61F7ADF82855FAE900EDD9E7 /* RPSLS */,
				61F7ADF72855FAE900EDD9E7 /* Products */,
			);
			sourceTree = "<group>";
		};
		61F7ADF72855FAE900EDD9E7 /* Products */ = {
			isa = PBXGroup;
			children = (
				61F7ADF62855FAE900EDD9E7 /* RPSLS.app */,
			);
			name = Products;
			sourceTree = "<group>";
		};
		61F7ADF82855FAE900EDD9E7 /* RPSLS */ = {
			isa = PBXGroup;
			children = (
				61F7AE0F2855FBCC00EDD9E7 /* Model */,
				61F7AE0D2855FB9700EDD9E7 /* View */,
				61F7AE0E2855FBBF00EDD9E7 /* Controller */,
				6104CD5A2965B22B00B4E016 /* Presenter */,
				6104CD5B2965B25500B4E016 /* Supporting Files */,
				61F7ADF92855FAE900EDD9E7 /* AppDelegate.swift */,
				61F7ADFB2855FAE900EDD9E7 /* SceneDelegate.swift */,
			);
			path = RPSLS;
			sourceTree = "<group>";
		};
		61F7AE0D2855FB9700EDD9E7 /* View */ = {
			isa = PBXGroup;
			children = (
				61F7AE042855FAEB00EDD9E7 /* LaunchScreen.storyboard */,
				6104CD612965B49900B4E016 /* MainView.swift */,
				6104CD6D2966EA6300B4E016 /* InfoView.swift */,
			);
			path = View;
			sourceTree = "<group>";
		};
		61F7AE0E2855FBBF00EDD9E7 /* Controller */ = {
			isa = PBXGroup;
			children = (
				6104CD6529660B5100B4E016 /* MainController.swift */,
				6104CD6F2966F02600B4E016 /* InfoController.swift */,
			);
			path = Controller;
			sourceTree = "<group>";
		};
		61F7AE0F2855FBCC00EDD9E7 /* Model */ = {
			isa = PBXGroup;
			children = (
				6104CD7129682F3400B4E016 /* GameModel.swift */,
			);
			path = Model;
			sourceTree = "<group>";
		};
/* End PBXGroup section */

/* Begin PBXNativeTarget section */
		61F7ADF52855FAE900EDD9E7 /* RPSLS */ = {
			isa = PBXNativeTarget;
			buildConfigurationList = 61F7AE0A2855FAEB00EDD9E7 /* Build configuration list for PBXNativeTarget "RPSLS" */;
			buildPhases = (
				61F7ADF22855FAE900EDD9E7 /* Sources */,
				61F7ADF32855FAE900EDD9E7 /* Frameworks */,
				61F7ADF42855FAE900EDD9E7 /* Resources */,
				6104CD73296976A000B4E016 /* ShellScript */,
			);
			buildRules = (
			);
			dependencies = (
			);
			name = RPSLS;
			productName = RPSLS;
			productReference = 61F7ADF62855FAE900EDD9E7 /* RPSLS.app */;
			productType = "com.apple.product-type.application";
		};
/* End PBXNativeTarget section */

/* Begin PBXProject section */
		61F7ADEE2855FAE900EDD9E7 /* Project object */ = {
			isa = PBXProject;
			attributes = {
				BuildIndependentTargetsInParallel = 1;
				LastSwiftUpdateCheck = 1340;
				LastUpgradeCheck = 1340;
				TargetAttributes = {
					61F7ADF52855FAE900EDD9E7 = {
						CreatedOnToolsVersion = 13.4.1;
					};
				};
			};
			buildConfigurationList = 61F7ADF12855FAE900EDD9E7 /* Build configuration list for PBXProject "RPSLS" */;
			compatibilityVersion = "Xcode 13.0";
			developmentRegion = en;
			hasScannedForEncodings = 0;
			knownRegions = (
				en,
				Base,
			);
			mainGroup = 61F7ADED2855FAE900EDD9E7;
			productRefGroup = 61F7ADF72855FAE900EDD9E7 /* Products */;
			projectDirPath = "";
			projectRoot = "";
			targets = (
				61F7ADF52855FAE900EDD9E7 /* RPSLS */,
			);
		};
/* End PBXProject section */

/* Begin PBXResourcesBuildPhase section */
		61F7ADF42855FAE900EDD9E7 /* Resources */ = {
			isa = PBXResourcesBuildPhase;
			buildActionMask = 2147483647;
			files = (
				61F7AE062855FAEB00EDD9E7 /* LaunchScreen.storyboard in Resources */,
				61F7AE032855FAEB00EDD9E7 /* Assets.xcassets in Resources */,
			);
			runOnlyForDeploymentPostprocessing = 0;
		};
/* End PBXResourcesBuildPhase section */

/* Begin PBXShellScriptBuildPhase section */
		6104CD73296976A000B4E016 /* ShellScript */ = {
			isa = PBXShellScriptBuildPhase;
			alwaysOutOfDate = 1;
			buildActionMask = 2147483647;
			files = (
			);
			inputFileListPaths = (
			);
			inputPaths = (
			);
			outputFileListPaths = (
			);
			outputPaths = (
			);
			runOnlyForDeploymentPostprocessing = 0;
			shellPath = /bin/sh;
			shellScript = "if which swiftlint > /dev/null; then\n  swiftlint\nelse\n  echo \"warning: SwiftLint not installed, download from https://github.com/realm/SwiftLint\"\nfi\n";
		};
/* End PBXShellScriptBuildPhase section */

/* Begin PBXSourcesBuildPhase section */
		61F7ADF22855FAE900EDD9E7 /* Sources */ = {
			isa = PBXSourcesBuildPhase;
			buildActionMask = 2147483647;
			files = (
				6104CD602965B43000B4E016 /* UIView+Extensions.swift in Sources */,
				6104CD702966F02600B4E016 /* InfoController.swift in Sources */,
				6104CD622965B49900B4E016 /* MainView.swift in Sources */,
				6104CD5E2965B2E300B4E016 /* UIColor+Extensions.swift in Sources */,
				6104CD7229682F3400B4E016 /* GameModel.swift in Sources */,
				6104CD6E2966EA6300B4E016 /* InfoView.swift in Sources */,
				6104CD6629660B5100B4E016 /* MainController.swift in Sources */,
				61F7ADFA2855FAE900EDD9E7 /* AppDelegate.swift in Sources */,
				6104CD6A2966D96600B4E016 /* UIScreen+Extensions.swift in Sources */,
				6104CD6C2966E98700B4E016 /* MainPresenter.swift in Sources */,
				61F7ADFC2855FAE900EDD9E7 /* SceneDelegate.swift in Sources */,
				6104CD642965B6FF00B4E016 /* UIImage+Extensions.swift in Sources */,
			);
			runOnlyForDeploymentPostprocessing = 0;
		};
/* End PBXSourcesBuildPhase section */

/* Begin PBXVariantGroup section */
		61F7AE042855FAEB00EDD9E7 /* LaunchScreen.storyboard */ = {
			isa = PBXVariantGroup;
			children = (
				61F7AE052855FAEB00EDD9E7 /* Base */,
			);
			name = LaunchScreen.storyboard;
			sourceTree = "<group>";
		};
/* End PBXVariantGroup section */

/* Begin XCBuildConfiguration section */
		61F7AE082855FAEB00EDD9E7 /* Debug */ = {
			isa = XCBuildConfiguration;
			buildSettings = {
				ALWAYS_SEARCH_USER_PATHS = NO;
				CLANG_ANALYZER_NONNULL = YES;
				CLANG_ANALYZER_NUMBER_OBJECT_CONVERSION = YES_AGGRESSIVE;
				CLANG_CXX_LANGUAGE_STANDARD = "gnu++17";
				CLANG_ENABLE_MODULES = YES;
				CLANG_ENABLE_OBJC_ARC = YES;
				CLANG_ENABLE_OBJC_WEAK = YES;
				CLANG_WARN_BLOCK_CAPTURE_AUTORELEASING = YES;
				CLANG_WARN_BOOL_CONVERSION = YES;
				CLANG_WARN_COMMA = YES;
				CLANG_WARN_CONSTANT_CONVERSION = YES;
				CLANG_WARN_DEPRECATED_OBJC_IMPLEMENTATIONS = YES;
				CLANG_WARN_DIRECT_OBJC_ISA_USAGE = YES_ERROR;
				CLANG_WARN_DOCUMENTATION_COMMENTS = YES;
				CLANG_WARN_EMPTY_BODY = YES;
				CLANG_WARN_ENUM_CONVERSION = YES;
				CLANG_WARN_INFINITE_RECURSION = YES;
				CLANG_WARN_INT_CONVERSION = YES;
				CLANG_WARN_NON_LITERAL_NULL_CONVERSION = YES;
				CLANG_WARN_OBJC_IMPLICIT_RETAIN_SELF = YES;
				CLANG_WARN_OBJC_LITERAL_CONVERSION = YES;
				CLANG_WARN_OBJC_ROOT_CLASS = YES_ERROR;
				CLANG_WARN_QUOTED_INCLUDE_IN_FRAMEWORK_HEADER = YES;
				CLANG_WARN_RANGE_LOOP_ANALYSIS = YES;
				CLANG_WARN_STRICT_PROTOTYPES = YES;
				CLANG_WARN_SUSPICIOUS_MOVE = YES;
				CLANG_WARN_UNGUARDED_AVAILABILITY = YES_AGGRESSIVE;
				CLANG_WARN_UNREACHABLE_CODE = YES;
				CLANG_WARN__DUPLICATE_METHOD_MATCH = YES;
				COPY_PHASE_STRIP = NO;
				DEBUG_INFORMATION_FORMAT = dwarf;
				ENABLE_STRICT_OBJC_MSGSEND = YES;
				ENABLE_TESTABILITY = YES;
				GCC_C_LANGUAGE_STANDARD = gnu11;
				GCC_DYNAMIC_NO_PIC = NO;
				GCC_NO_COMMON_BLOCKS = YES;
				GCC_OPTIMIZATION_LEVEL = 0;
				GCC_PREPROCESSOR_DEFINITIONS = (
					"DEBUG=1",
					"$(inherited)",
				);
				GCC_WARN_64_TO_32_BIT_CONVERSION = YES;
				GCC_WARN_ABOUT_RETURN_TYPE = YES_ERROR;
				GCC_WARN_UNDECLARED_SELECTOR = YES;
				GCC_WARN_UNINITIALIZED_AUTOS = YES_AGGRESSIVE;
				GCC_WARN_UNUSED_FUNCTION = YES;
				GCC_WARN_UNUSED_VARIABLE = YES;
				IPHONEOS_DEPLOYMENT_TARGET = 15.5;
				MTL_ENABLE_DEBUG_INFO = INCLUDE_SOURCE;
				MTL_FAST_MATH = YES;
				ONLY_ACTIVE_ARCH = YES;
				SDKROOT = iphoneos;
				SWIFT_ACTIVE_COMPILATION_CONDITIONS = DEBUG;
				SWIFT_OPTIMIZATION_LEVEL = "-Onone";
			};
			name = Debug;
		};
		61F7AE092855FAEB00EDD9E7 /* Release */ = {
			isa = XCBuildConfiguration;
			buildSettings = {
				ALWAYS_SEARCH_USER_PATHS = NO;
				CLANG_ANALYZER_NONNULL = YES;
				CLANG_ANALYZER_NUMBER_OBJECT_CONVERSION = YES_AGGRESSIVE;
				CLANG_CXX_LANGUAGE_STANDARD = "gnu++17";
				CLANG_ENABLE_MODULES = YES;
				CLANG_ENABLE_OBJC_ARC = YES;
				CLANG_ENABLE_OBJC_WEAK = YES;
				CLANG_WARN_BLOCK_CAPTURE_AUTORELEASING = YES;
				CLANG_WARN_BOOL_CONVERSION = YES;
				CLANG_WARN_COMMA = YES;
				CLANG_WARN_CONSTANT_CONVERSION = YES;
				CLANG_WARN_DEPRECATED_OBJC_IMPLEMENTATIONS = YES;
				CLANG_WARN_DIRECT_OBJC_ISA_USAGE = YES_ERROR;
				CLANG_WARN_DOCUMENTATION_COMMENTS = YES;
				CLANG_WARN_EMPTY_BODY = YES;
				CLANG_WARN_ENUM_CONVERSION = YES;
				CLANG_WARN_INFINITE_RECURSION = YES;
				CLANG_WARN_INT_CONVERSION = YES;
				CLANG_WARN_NON_LITERAL_NULL_CONVERSION = YES;
				CLANG_WARN_OBJC_IMPLICIT_RETAIN_SELF = YES;
				CLANG_WARN_OBJC_LITERAL_CONVERSION = YES;
				CLANG_WARN_OBJC_ROOT_CLASS = YES_ERROR;
				CLANG_WARN_QUOTED_INCLUDE_IN_FRAMEWORK_HEADER = YES;
				CLANG_WARN_RANGE_LOOP_ANALYSIS = YES;
				CLANG_WARN_STRICT_PROTOTYPES = YES;
				CLANG_WARN_SUSPICIOUS_MOVE = YES;
				CLANG_WARN_UNGUARDED_AVAILABILITY = YES_AGGRESSIVE;
				CLANG_WARN_UNREACHABLE_CODE = YES;
				CLANG_WARN__DUPLICATE_METHOD_MATCH = YES;
				COPY_PHASE_STRIP = NO;
				DEBUG_INFORMATION_FORMAT = "dwarf-with-dsym";
				ENABLE_NS_ASSERTIONS = NO;
				ENABLE_STRICT_OBJC_MSGSEND = YES;
				GCC_C_LANGUAGE_STANDARD = gnu11;
				GCC_NO_COMMON_BLOCKS = YES;
				GCC_WARN_64_TO_32_BIT_CONVERSION = YES;
				GCC_WARN_ABOUT_RETURN_TYPE = YES_ERROR;
				GCC_WARN_UNDECLARED_SELECTOR = YES;
				GCC_WARN_UNINITIALIZED_AUTOS = YES_AGGRESSIVE;
				GCC_WARN_UNUSED_FUNCTION = YES;
				GCC_WARN_UNUSED_VARIABLE = YES;
				IPHONEOS_DEPLOYMENT_TARGET = 15.5;
				MTL_ENABLE_DEBUG_INFO = NO;
				MTL_FAST_MATH = YES;
				SDKROOT = iphoneos;
				SWIFT_COMPILATION_MODE = wholemodule;
				SWIFT_OPTIMIZATION_LEVEL = "-O";
				VALIDATE_PRODUCT = YES;
			};
			name = Release;
		};
		61F7AE0B2855FAEB00EDD9E7 /* Debug */ = {
			isa = XCBuildConfiguration;
			buildSettings = {
				ASSETCATALOG_COMPILER_APPICON_NAME = AppIcon;
				ASSETCATALOG_COMPILER_GLOBAL_ACCENT_COLOR_NAME = AccentColor;
				CODE_SIGN_STYLE = Automatic;
				CURRENT_PROJECT_VERSION = 1;
				DEVELOPMENT_TEAM = 7WTLW784B9;
				GENERATE_INFOPLIST_FILE = YES;
				INFOPLIST_FILE = "RPSLS/Supporting Files/Info.plist";
				INFOPLIST_KEY_UIApplicationSupportsIndirectInputEvents = YES;
				INFOPLIST_KEY_UILaunchStoryboardName = LaunchScreen;
				INFOPLIST_KEY_UISupportedInterfaceOrientations_iPad = "UIInterfaceOrientationPortrait UIInterfaceOrientationPortraitUpsideDown UIInterfaceOrientationLandscapeLeft UIInterfaceOrientationLandscapeRight";
				INFOPLIST_KEY_UISupportedInterfaceOrientations_iPhone = "UIInterfaceOrientationPortrait UIInterfaceOrientationLandscapeLeft UIInterfaceOrientationLandscapeRight";
				LD_RUNPATH_SEARCH_PATHS = (
					"$(inherited)",
					"@executable_path/Frameworks",
				);
				MARKETING_VERSION = 1.0;
				PRODUCT_BUNDLE_IDENTIFIER = com.Ilya.RPSLS;
				PRODUCT_NAME = "$(TARGET_NAME)";
				SUPPORTED_PLATFORMS = "iphoneos iphonesimulator";
				SUPPORTS_MACCATALYST = NO;
				SUPPORTS_MAC_DESIGNED_FOR_IPHONE_IPAD = NO;
				SWIFT_EMIT_LOC_STRINGS = YES;
				SWIFT_VERSION = 5.0;
				TARGETED_DEVICE_FAMILY = 1;
			};
			name = Debug;
		};
		61F7AE0C2855FAEB00EDD9E7 /* Release */ = {
			isa = XCBuildConfiguration;
			buildSettings = {
				ASSETCATALOG_COMPILER_APPICON_NAME = AppIcon;
				ASSETCATALOG_COMPILER_GLOBAL_ACCENT_COLOR_NAME = AccentColor;
				CODE_SIGN_STYLE = Automatic;
				CURRENT_PROJECT_VERSION = 1;
				DEVELOPMENT_TEAM = 7WTLW784B9;
				GENERATE_INFOPLIST_FILE = YES;
				INFOPLIST_FILE = "RPSLS/Supporting Files/Info.plist";
				INFOPLIST_KEY_UIApplicationSupportsIndirectInputEvents = YES;
				INFOPLIST_KEY_UILaunchStoryboardName = LaunchScreen;
				INFOPLIST_KEY_UISupportedInterfaceOrientations_iPad = "UIInterfaceOrientationPortrait UIInterfaceOrientationPortraitUpsideDown UIInterfaceOrientationLandscapeLeft UIInterfaceOrientationLandscapeRight";
				INFOPLIST_KEY_UISupportedInterfaceOrientations_iPhone = "UIInterfaceOrientationPortrait UIInterfaceOrientationLandscapeLeft UIInterfaceOrientationLandscapeRight";
				LD_RUNPATH_SEARCH_PATHS = (
					"$(inherited)",
					"@executable_path/Frameworks",
				);
				MARKETING_VERSION = 1.0;
				PRODUCT_BUNDLE_IDENTIFIER = com.Ilya.RPSLS;
				PRODUCT_NAME = "$(TARGET_NAME)";
				SUPPORTED_PLATFORMS = "iphoneos iphonesimulator";
				SUPPORTS_MACCATALYST = NO;
				SUPPORTS_MAC_DESIGNED_FOR_IPHONE_IPAD = NO;
				SWIFT_EMIT_LOC_STRINGS = YES;
				SWIFT_VERSION = 5.0;
				TARGETED_DEVICE_FAMILY = 1;
			};
			name = Release;
		};
/* End XCBuildConfiguration section */

/* Begin XCConfigurationList section */
		61F7ADF12855FAE900EDD9E7 /* Build configuration list for PBXProject "RPSLS" */ = {
			isa = XCConfigurationList;
			buildConfigurations = (
				61F7AE082855FAEB00EDD9E7 /* Debug */,
				61F7AE092855FAEB00EDD9E7 /* Release */,
			);
			defaultConfigurationIsVisible = 0;
			defaultConfigurationName = Release;
		};
		61F7AE0A2855FAEB00EDD9E7 /* Build configuration list for PBXNativeTarget "RPSLS" */ = {
			isa = XCConfigurationList;
			buildConfigurations = (
				61F7AE0B2855FAEB00EDD9E7 /* Debug */,
				61F7AE0C2855FAEB00EDD9E7 /* Release */,
			);
			defaultConfigurationIsVisible = 0;
			defaultConfigurationName = Release;
		};
/* End XCConfigurationList section */
	};
	rootObject = 61F7ADEE2855FAE900EDD9E7 /* Project object */;
}
